
Microsoft Visual Studio Solution File, Format Version 12.00
# Visual Studio 15
VisualStudioVersion = 15.0.33026.149
MinimumVisualStudioVersion = 10.0.40219.1
Project("{FAE04EC0-301F-11D3-BF4B-00C04F79EFBC}") = "ValuesAndReferences", "ValuesAndReferences\ValuesAndReferences.csproj", "{14A3E5FA-364A-4CAB-AF2A-B75466C4C3F3}"
EndProject
Project("{FAE04EC0-301F-11D3-BF4B-00C04F79EFBC}") = "Tempo", "Tempo\Tempo.csproj", "{288C16E7-6E9F-4C8C-A15C-9CC6C4679D53}"
EndProject
Project("{FAE04EC0-301F-11D3-BF4B-00C04F79EFBC}") = "RandomTest", "RandomTest\RandomTest.csproj", "{EE8F45FC-08D0-4585-8B09-00982CD03D44}"
EndProject
Project("{FAE04EC0-301F-11D3-BF4B-00C04F79EFBC}") = "RandomDice", "RandomDice\RandomDice.csproj", "{F2091A55-2616-432C-9AAE-A3986C43C6F6}"
EndProject
Global
	GlobalSection(SolutionConfigurationPlatforms) = preSolution
		Debug|Any CPU = Debug|Any CPU
		Release|Any CPU = Release|Any CPU
	EndGlobalSection
	GlobalSection(ProjectConfigurationPlatforms) = postSolution
		{14A3E5FA-364A-4CAB-AF2A-B75466C4C3F3}.Debug|Any CPU.ActiveCfg = Debug|Any CPU
		{14A3E5FA-364A-4CAB-AF2A-B75466C4C3F3}.Debug|Any CPU.Build.0 = Debug|Any CPU
		{14A3E5FA-364A-4CAB-AF2A-B75466C4C3F3}.Release|Any CPU.ActiveCfg = Release|Any CPU
		{14A3E5FA-364A-4CAB-AF2A-B75466C4C3F3}.Release|Any CPU.Build.0 = Release|Any CPU
		{288C16E7-6E9F-4C8C-A15C-9CC6C4679D53}.Debug|Any CPU.ActiveCfg = Debug|Any CPU
		{288C16E7-6E9F-4C8C-A15C-9CC6C4679D53}.Debug|Any CPU.Build.0 = Debug|Any CPU
		{288C16E7-6E9F-4C8C-A15C-9CC6C4679D53}.Release|Any CPU.ActiveCfg = Release|Any CPU
		{288C16E7-6E9F-4C8C-A15C-9CC6C4679D53}.Release|Any CPU.Build.0 = Release|Any CPU
		{EE8F45FC-08D0-4585-8B09-00982CD03D44}.Debug|Any CPU.ActiveCfg = Debug|Any CPU
		{EE8F45FC-08D0-4585-8B09-00982CD03D44}.Debug|Any CPU.Build.0 = Debug|Any CPU
		{EE8F45FC-08D0-4585-8B09-00982CD03D44}.Release|Any CPU.ActiveCfg = Release|Any CPU
		{EE8F45FC-08D0-4585-8B09-00982CD03D44}.Release|Any CPU.Build.0 = Release|Any CPU
		{F2091A55-2616-432C-9AAE-A3986C43C6F6}.Debug|Any CPU.ActiveCfg = Debug|Any CPU
		{F2091A55-2616-432C-9AAE-A3986C43C6F6}.Debug|Any CPU.Build.0 = Debug|Any CPU
		{F2091A55-2616-432C-9AAE-A3986C43C6F6}.Release|Any CPU.ActiveCfg = Release|Any CPU
		{F2091A55-2616-432C-9AAE-A3986C43C6F6}.Release|Any CPU.Build.0 = Release|Any CPU
	EndGlobalSection
	GlobalSection(SolutionProperties) = preSolution
		HideSolutionNode = FALSE
	EndGlobalSection
	GlobalSection(ExtensibilityGlobals) = postSolution
		SolutionGuid = {391849D2-8E0B-42C2-B5E5-A15F491D5B3F}
	EndGlobalSection
EndGlobal
